// !$*UTF8*$!
{
	archiveVersion = 1;
	classes = {
	};
	objectVersion = 50;
	objects = {

/* Begin PBXBuildFile section */
		07005D2720D2D08E00750365 /* AppDelegate.swift in Sources */ = {isa = PBXBuildFile; fileRef = 07005D2620D2D08E00750365 /* AppDelegate.swift */; };
		07005D2920D2D08E00750365 /* ViewController.swift in Sources */ = {isa = PBXBuildFile; fileRef = 07005D2820D2D08E00750365 /* ViewController.swift */; };
		07005D2C20D2D08E00750365 /* Main.storyboard in Resources */ = {isa = PBXBuildFile; fileRef = 07005D2A20D2D08E00750365 /* Main.storyboard */; };
		07005D2E20D2D09500750365 /* Assets.xcassets in Resources */ = {isa = PBXBuildFile; fileRef = 07005D2D20D2D09500750365 /* Assets.xcassets */; };
		07005D3120D2D09500750365 /* LaunchScreen.storyboard in Resources */ = {isa = PBXBuildFile; fileRef = 07005D2F20D2D09500750365 /* LaunchScreen.storyboard */; };
		070932C420D2D32F00C90630 /* AnalyticsService.swift in Sources */ = {isa = PBXBuildFile; fileRef = 070932C320D2D32F00C90630 /* AnalyticsService.swift */; };
		070932C620D2D74300C90630 /* FirebaseAnalyticsListener.swift in Sources */ = {isa = PBXBuildFile; fileRef = 070932C520D2D74300C90630 /* FirebaseAnalyticsListener.swift */; };
		070932C920D2D7BA00C90630 /* ShoppingBagAnalyticsEvent.swift in Sources */ = {isa = PBXBuildFile; fileRef = 070932C820D2D7BA00C90630 /* ShoppingBagAnalyticsEvent.swift */; };
		070932CC20D2D81200C90630 /* Types.swift in Sources */ = {isa = PBXBuildFile; fileRef = 070932CB20D2D81200C90630 /* Types.swift */; };
		070932CE20D2DD1200C90630 /* NewRelicAnalyticsListener.swift in Sources */ = {isa = PBXBuildFile; fileRef = 070932CD20D2DD1200C90630 /* NewRelicAnalyticsListener.swift */; };
		070932D020D2DF1300C90630 /* TechMetricAnalyticsEvent.swift in Sources */ = {isa = PBXBuildFile; fileRef = 070932CF20D2DF1300C90630 /* TechMetricAnalyticsEvent.swift */; };
		070932D320D2E25F00C90630 /* Assembly.swift in Sources */ = {isa = PBXBuildFile; fileRef = 070932D220D2E25F00C90630 /* Assembly.swift */; };
		075AC6EB20D2EFA3000E62A7 /* AnalyticsServiceSpec.swift in Sources */ = {isa = PBXBuildFile; fileRef = 075AC6EA20D2EFA3000E62A7 /* AnalyticsServiceSpec.swift */; };
		075AC6EE20D2F2D7000E62A7 /* FakeAnalyticsListener.swift in Sources */ = {isa = PBXBuildFile; fileRef = 075AC6ED20D2F2D7000E62A7 /* FakeAnalyticsListener.swift */; };
		075AC6F020D2F30F000E62A7 /* ViewControllerSpec.swift in Sources */ = {isa = PBXBuildFile; fileRef = 075AC6EF20D2F30F000E62A7 /* ViewControllerSpec.swift */; };
		075AC6F220D2F48B000E62A7 /* FakeAnalyticsService.swift in Sources */ = {isa = PBXBuildFile; fileRef = 075AC6F120D2F48B000E62A7 /* FakeAnalyticsService.swift */; };
		075AC6F420D2F4BA000E62A7 /* FakeAnalyticsPublisher.swift in Sources */ = {isa = PBXBuildFile; fileRef = 075AC6F320D2F4BA000E62A7 /* FakeAnalyticsPublisher.swift */; };
		138B2E703C919B71D568A294 /* Pods_Analytics.framework in Frameworks */ = {isa = PBXBuildFile; fileRef = 7A4697BFF06C4A3003DEF78B /* Pods_Analytics.framework */; };
		8E663825715CFC36CFCFBA6C /* Pods_AnalyticsTests.framework in Frameworks */ = {isa = PBXBuildFile; fileRef = 1176DEB1D8F8B398E06CF891 /* Pods_AnalyticsTests.framework */; };
/* End PBXBuildFile section */

/* Begin PBXContainerItemProxy section */
		07005D3820D2D09500750365 /* PBXContainerItemProxy */ = {
			isa = PBXContainerItemProxy;
			containerPortal = 07005D1B20D2D08E00750365 /* Project object */;
			proxyType = 1;
			remoteGlobalIDString = 07005D2220D2D08E00750365;
			remoteInfo = Analytics;
		};
/* End PBXContainerItemProxy section */

/* Begin PBXFileReference section */
		07005D2320D2D08E00750365 /* Analytics.app */ = {isa = PBXFileReference; explicitFileType = wrapper.application; includeInIndex = 0; path = Analytics.app; sourceTree = BUILT_PRODUCTS_DIR; };
		07005D2620D2D08E00750365 /* AppDelegate.swift */ = {isa = PBXFileReference; lastKnownFileType = sourcecode.swift; path = AppDelegate.swift; sourceTree = "<group>"; };
		07005D2820D2D08E00750365 /* ViewController.swift */ = {isa = PBXFileReference; lastKnownFileType = sourcecode.swift; path = ViewController.swift; sourceTree = "<group>"; };
		07005D2B20D2D08E00750365 /* Base */ = {isa = PBXFileReference; lastKnownFileType = file.storyboard; name = Base; path = Base.lproj/Main.storyboard; sourceTree = "<group>"; };
		07005D2D20D2D09500750365 /* Assets.xcassets */ = {isa = PBXFileReference; lastKnownFileType = folder.assetcatalog; path = Assets.xcassets; sourceTree = "<group>"; };
		07005D3020D2D09500750365 /* Base */ = {isa = PBXFileReference; lastKnownFileType = file.storyboard; name = Base; path = Base.lproj/LaunchScreen.storyboard; sourceTree = "<group>"; };
		07005D3220D2D09500750365 /* Info.plist */ = {isa = PBXFileReference; lastKnownFileType = text.plist.xml; path = Info.plist; sourceTree = "<group>"; };
		07005D3720D2D09500750365 /* AnalyticsTests.xctest */ = {isa = PBXFileReference; explicitFileType = wrapper.cfbundle; includeInIndex = 0; path = AnalyticsTests.xctest; sourceTree = BUILT_PRODUCTS_DIR; };
		07005D3D20D2D09500750365 /* Info.plist */ = {isa = PBXFileReference; lastKnownFileType = text.plist.xml; path = Info.plist; sourceTree = "<group>"; };
		070932C320D2D32F00C90630 /* AnalyticsService.swift */ = {isa = PBXFileReference; lastKnownFileType = sourcecode.swift; path = AnalyticsService.swift; sourceTree = "<group>"; };
		070932C520D2D74300C90630 /* FirebaseAnalyticsListener.swift */ = {isa = PBXFileReference; lastKnownFileType = sourcecode.swift; path = FirebaseAnalyticsListener.swift; sourceTree = "<group>"; };
		070932C820D2D7BA00C90630 /* ShoppingBagAnalyticsEvent.swift */ = {isa = PBXFileReference; lastKnownFileType = sourcecode.swift; path = ShoppingBagAnalyticsEvent.swift; sourceTree = "<group>"; };
		070932CB20D2D81200C90630 /* Types.swift */ = {isa = PBXFileReference; lastKnownFileType = sourcecode.swift; path = Types.swift; sourceTree = "<group>"; };
		070932CD20D2DD1200C90630 /* NewRelicAnalyticsListener.swift */ = {isa = PBXFileReference; lastKnownFileType = sourcecode.swift; path = NewRelicAnalyticsListener.swift; sourceTree = "<group>"; };
		070932CF20D2DF1300C90630 /* TechMetricAnalyticsEvent.swift */ = {isa = PBXFileReference; lastKnownFileType = sourcecode.swift; path = TechMetricAnalyticsEvent.swift; sourceTree = "<group>"; };
		070932D220D2E25F00C90630 /* Assembly.swift */ = {isa = PBXFileReference; lastKnownFileType = sourcecode.swift; path = Assembly.swift; sourceTree = "<group>"; };
		075AC6EA20D2EFA3000E62A7 /* AnalyticsServiceSpec.swift */ = {isa = PBXFileReference; lastKnownFileType = sourcecode.swift; path = AnalyticsServiceSpec.swift; sourceTree = "<group>"; };
		075AC6ED20D2F2D7000E62A7 /* FakeAnalyticsListener.swift */ = {isa = PBXFileReference; lastKnownFileType = sourcecode.swift; path = FakeAnalyticsListener.swift; sourceTree = "<group>"; };
		075AC6EF20D2F30F000E62A7 /* ViewControllerSpec.swift */ = {isa = PBXFileReference; lastKnownFileType = sourcecode.swift; path = ViewControllerSpec.swift; sourceTree = "<group>"; };
		075AC6F120D2F48B000E62A7 /* FakeAnalyticsService.swift */ = {isa = PBXFileReference; lastKnownFileType = sourcecode.swift; path = FakeAnalyticsService.swift; sourceTree = "<group>"; };
		075AC6F320D2F4BA000E62A7 /* FakeAnalyticsPublisher.swift */ = {isa = PBXFileReference; lastKnownFileType = sourcecode.swift; path = FakeAnalyticsPublisher.swift; sourceTree = "<group>"; };
		1176DEB1D8F8B398E06CF891 /* Pods_AnalyticsTests.framework */ = {isa = PBXFileReference; explicitFileType = wrapper.framework; includeInIndex = 0; path = Pods_AnalyticsTests.framework; sourceTree = BUILT_PRODUCTS_DIR; };
		1EFBFFD8A7770D2B5F414723 /* Pods-AnalyticsTests.release.xcconfig */ = {isa = PBXFileReference; includeInIndex = 1; lastKnownFileType = text.xcconfig; name = "Pods-AnalyticsTests.release.xcconfig"; path = "Pods/Target Support Files/Pods-AnalyticsTests/Pods-AnalyticsTests.release.xcconfig"; sourceTree = "<group>"; };
		3C03225EA766A8120F0613E0 /* Pods-AnalyticsTests.debug.xcconfig */ = {isa = PBXFileReference; includeInIndex = 1; lastKnownFileType = text.xcconfig; name = "Pods-AnalyticsTests.debug.xcconfig"; path = "Pods/Target Support Files/Pods-AnalyticsTests/Pods-AnalyticsTests.debug.xcconfig"; sourceTree = "<group>"; };
		7A4697BFF06C4A3003DEF78B /* Pods_Analytics.framework */ = {isa = PBXFileReference; explicitFileType = wrapper.framework; includeInIndex = 0; path = Pods_Analytics.framework; sourceTree = BUILT_PRODUCTS_DIR; };
		84148BEAEB8F631CAA7A615C /* Pods-Analytics.debug.xcconfig */ = {isa = PBXFileReference; includeInIndex = 1; lastKnownFileType = text.xcconfig; name = "Pods-Analytics.debug.xcconfig"; path = "Pods/Target Support Files/Pods-Analytics/Pods-Analytics.debug.xcconfig"; sourceTree = "<group>"; };
		CCDA566335EFDF1977D17CE8 /* Pods-Analytics.release.xcconfig */ = {isa = PBXFileReference; includeInIndex = 1; lastKnownFileType = text.xcconfig; name = "Pods-Analytics.release.xcconfig"; path = "Pods/Target Support Files/Pods-Analytics/Pods-Analytics.release.xcconfig"; sourceTree = "<group>"; };
/* End PBXFileReference section */

/* Begin PBXFrameworksBuildPhase section */
		07005D2020D2D08E00750365 /* Frameworks */ = {
			isa = PBXFrameworksBuildPhase;
			buildActionMask = 2147483647;
			files = (
				138B2E703C919B71D568A294 /* Pods_Analytics.framework in Frameworks */,
			);
			runOnlyForDeploymentPostprocessing = 0;
		};
		07005D3420D2D09500750365 /* Frameworks */ = {
			isa = PBXFrameworksBuildPhase;
			buildActionMask = 2147483647;
			files = (
				8E663825715CFC36CFCFBA6C /* Pods_AnalyticsTests.framework in Frameworks */,
			);
			runOnlyForDeploymentPostprocessing = 0;
		};
/* End PBXFrameworksBuildPhase section */

/* Begin PBXGroup section */
		07005D1A20D2D08E00750365 = {
			isa = PBXGroup;
			children = (
				07005D2520D2D08E00750365 /* Analytics */,
				07005D3A20D2D09500750365 /* AnalyticsTests */,
				07005D2420D2D08E00750365 /* Products */,
				24684149953C2C1A422055ED /* Pods */,
				68DDBD095498775CD92B49C8 /* Frameworks */,
			);
			sourceTree = "<group>";
		};
		07005D2420D2D08E00750365 /* Products */ = {
			isa = PBXGroup;
			children = (
				07005D2320D2D08E00750365 /* Analytics.app */,
				07005D3720D2D09500750365 /* AnalyticsTests.xctest */,
			);
			name = Products;
			sourceTree = "<group>";
		};
		07005D2520D2D08E00750365 /* Analytics */ = {
			isa = PBXGroup;
			children = (
				070932D120D2E0E500C90630 /* Application */,
				07005D4620D2D26200750365 /* Module */,
				07005D2620D2D08E00750365 /* AppDelegate.swift */,
				07005D2820D2D08E00750365 /* ViewController.swift */,
				07005D2A20D2D08E00750365 /* Main.storyboard */,
				07005D2D20D2D09500750365 /* Assets.xcassets */,
				07005D2F20D2D09500750365 /* LaunchScreen.storyboard */,
				07005D3220D2D09500750365 /* Info.plist */,
			);
			path = Analytics;
			sourceTree = "<group>";
		};
		07005D3A20D2D09500750365 /* AnalyticsTests */ = {
			isa = PBXGroup;
			children = (
				075AC6EC20D2F2CA000E62A7 /* Fake */,
				075AC6E920D2EF8B000E62A7 /* Spec */,
				07005D3D20D2D09500750365 /* Info.plist */,
			);
			path = AnalyticsTests;
			sourceTree = "<group>";
		};
		07005D4620D2D26200750365 /* Module */ = {
			isa = PBXGroup;
			children = (
				070932CA20D2D80900C90630 /* Domain */,
				070932C220D2D28500C90630 /* Metrics */,
				070932C720D2D7A600C90630 /* ShoppingBag */,
			);
			path = Module;
			sourceTree = "<group>";
		};
		070932C220D2D28500C90630 /* Metrics */ = {
			isa = PBXGroup;
			children = (
				070932C320D2D32F00C90630 /* AnalyticsService.swift */,
				070932CF20D2DF1300C90630 /* TechMetricAnalyticsEvent.swift */,
			);
			path = Metrics;
			sourceTree = "<group>";
		};
		070932C720D2D7A600C90630 /* ShoppingBag */ = {
			isa = PBXGroup;
			children = (
				070932C820D2D7BA00C90630 /* ShoppingBagAnalyticsEvent.swift */,
			);
			path = ShoppingBag;
			sourceTree = "<group>";
		};
		070932CA20D2D80900C90630 /* Domain */ = {
			isa = PBXGroup;
			children = (
				070932CB20D2D81200C90630 /* Types.swift */,
			);
			path = Domain;
			sourceTree = "<group>";
		};
		070932D120D2E0E500C90630 /* Application */ = {
			isa = PBXGroup;
			children = (
				070932D220D2E25F00C90630 /* Assembly.swift */,
				070932C520D2D74300C90630 /* FirebaseAnalyticsListener.swift */,
				070932CD20D2DD1200C90630 /* NewRelicAnalyticsListener.swift */,
			);
			path = Application;
			sourceTree = "<group>";
		};
		075AC6E920D2EF8B000E62A7 /* Spec */ = {
			isa = PBXGroup;
			children = (
				075AC6EA20D2EFA3000E62A7 /* AnalyticsServiceSpec.swift */,
				075AC6EF20D2F30F000E62A7 /* ViewControllerSpec.swift */,
			);
			path = Spec;
			sourceTree = "<group>";
		};
		075AC6EC20D2F2CA000E62A7 /* Fake */ = {
			isa = PBXGroup;
			children = (
				075AC6ED20D2F2D7000E62A7 /* FakeAnalyticsListener.swift */,
				075AC6F320D2F4BA000E62A7 /* FakeAnalyticsPublisher.swift */,
				075AC6F120D2F48B000E62A7 /* FakeAnalyticsService.swift */,
			);
			path = Fake;
			sourceTree = "<group>";
		};
		24684149953C2C1A422055ED /* Pods */ = {
			isa = PBXGroup;
			children = (
				84148BEAEB8F631CAA7A615C /* Pods-Analytics.debug.xcconfig */,
				CCDA566335EFDF1977D17CE8 /* Pods-Analytics.release.xcconfig */,
				3C03225EA766A8120F0613E0 /* Pods-AnalyticsTests.debug.xcconfig */,
				1EFBFFD8A7770D2B5F414723 /* Pods-AnalyticsTests.release.xcconfig */,
			);
			name = Pods;
			sourceTree = "<group>";
		};
		68DDBD095498775CD92B49C8 /* Frameworks */ = {
			isa = PBXGroup;
			children = (
				7A4697BFF06C4A3003DEF78B /* Pods_Analytics.framework */,
				1176DEB1D8F8B398E06CF891 /* Pods_AnalyticsTests.framework */,
			);
			name = Frameworks;
			sourceTree = "<group>";
		};
/* End PBXGroup section */

/* Begin PBXNativeTarget section */
		07005D2220D2D08E00750365 /* Analytics */ = {
			isa = PBXNativeTarget;
			buildConfigurationList = 07005D4020D2D09500750365 /* Build configuration list for PBXNativeTarget "Analytics" */;
			buildPhases = (
				8A3A3154F8F727373F00F03C /* [CP] Check Pods Manifest.lock */,
				07005D1F20D2D08E00750365 /* Sources */,
				07005D2020D2D08E00750365 /* Frameworks */,
				07005D2120D2D08E00750365 /* Resources */,
				B5BA2C41F9D2B1D7E774FADE /* [CP] Embed Pods Frameworks */,
			);
			buildRules = (
			);
			dependencies = (
			);
			name = Analytics;
			productName = Analytics;
			productReference = 07005D2320D2D08E00750365 /* Analytics.app */;
			productType = "com.apple.product-type.application";
		};
		07005D3620D2D09500750365 /* AnalyticsTests */ = {
			isa = PBXNativeTarget;
			buildConfigurationList = 07005D4320D2D09500750365 /* Build configuration list for PBXNativeTarget "AnalyticsTests" */;
			buildPhases = (
				BAA0E13502CD440BB68178AB /* [CP] Check Pods Manifest.lock */,
				07005D3320D2D09500750365 /* Sources */,
				07005D3420D2D09500750365 /* Frameworks */,
				07005D3520D2D09500750365 /* Resources */,
				35C75046CBBA60816C2B1704 /* [CP] Embed Pods Frameworks */,
			);
			buildRules = (
			);
			dependencies = (
				07005D3920D2D09500750365 /* PBXTargetDependency */,
			);
			name = AnalyticsTests;
			productName = AnalyticsTests;
			productReference = 07005D3720D2D09500750365 /* AnalyticsTests.xctest */;
			productType = "com.apple.product-type.bundle.unit-test";
		};
/* End PBXNativeTarget section */

/* Begin PBXProject section */
		07005D1B20D2D08E00750365 /* Project object */ = {
			isa = PBXProject;
			attributes = {
				LastSwiftUpdateCheck = 0940;
				LastUpgradeCheck = 0940;
				ORGANIZATIONNAME = "Eric Chamberlain";
				TargetAttributes = {
					07005D2220D2D08E00750365 = {
						CreatedOnToolsVersion = 9.4;
					};
					07005D3620D2D09500750365 = {
						CreatedOnToolsVersion = 9.4;
						TestTargetID = 07005D2220D2D08E00750365;
					};
				};
			};
			buildConfigurationList = 07005D1E20D2D08E00750365 /* Build configuration list for PBXProject "Analytics" */;
			compatibilityVersion = "Xcode 9.3";
			developmentRegion = en;
			hasScannedForEncodings = 0;
			knownRegions = (
				en,
				Base,
			);
			mainGroup = 07005D1A20D2D08E00750365;
			productRefGroup = 07005D2420D2D08E00750365 /* Products */;
			projectDirPath = "";
			projectRoot = "";
			targets = (
				07005D2220D2D08E00750365 /* Analytics */,
				07005D3620D2D09500750365 /* AnalyticsTests */,
			);
		};
/* End PBXProject section */

/* Begin PBXResourcesBuildPhase section */
		07005D2120D2D08E00750365 /* Resources */ = {
			isa = PBXResourcesBuildPhase;
			buildActionMask = 2147483647;
			files = (
				07005D3120D2D09500750365 /* LaunchScreen.storyboard in Resources */,
				07005D2E20D2D09500750365 /* Assets.xcassets in Resources */,
				07005D2C20D2D08E00750365 /* Main.storyboard in Resources */,
			);
			runOnlyForDeploymentPostprocessing = 0;
		};
		07005D3520D2D09500750365 /* Resources */ = {
			isa = PBXResourcesBuildPhase;
			buildActionMask = 2147483647;
			files = (
			);
			runOnlyForDeploymentPostprocessing = 0;
		};
/* End PBXResourcesBuildPhase section */

/* Begin PBXShellScriptBuildPhase section */
		35C75046CBBA60816C2B1704 /* [CP] Embed Pods Frameworks */ = {
			isa = PBXShellScriptBuildPhase;
			buildActionMask = 2147483647;
			files = (
			);
			inputPaths = (
				"${SRCROOT}/Pods/Target Support Files/Pods-AnalyticsTests/Pods-AnalyticsTests-frameworks.sh",
				"${BUILT_PRODUCTS_DIR}/AutoEquatable/AutoEquatable.framework",
				"${BUILT_PRODUCTS_DIR}/KIF/KIF.framework",
				"${BUILT_PRODUCTS_DIR}/Nimble/Nimble.framework",
				"${BUILT_PRODUCTS_DIR}/Quick/Quick.framework",
				"${BUILT_PRODUCTS_DIR}/Spry/Spry.framework",
				"${BUILT_PRODUCTS_DIR}/Spry+Nimble/Spry_Nimble.framework",
			);
			name = "[CP] Embed Pods Frameworks";
			outputPaths = (
				"${TARGET_BUILD_DIR}/${FRAMEWORKS_FOLDER_PATH}/AutoEquatable.framework",
				"${TARGET_BUILD_DIR}/${FRAMEWORKS_FOLDER_PATH}/KIF.framework",
				"${TARGET_BUILD_DIR}/${FRAMEWORKS_FOLDER_PATH}/Nimble.framework",
				"${TARGET_BUILD_DIR}/${FRAMEWORKS_FOLDER_PATH}/Quick.framework",
				"${TARGET_BUILD_DIR}/${FRAMEWORKS_FOLDER_PATH}/Spry.framework",
				"${TARGET_BUILD_DIR}/${FRAMEWORKS_FOLDER_PATH}/Spry_Nimble.framework",
			);
			runOnlyForDeploymentPostprocessing = 0;
			shellPath = /bin/sh;
			shellScript = "\"${SRCROOT}/Pods/Target Support Files/Pods-AnalyticsTests/Pods-AnalyticsTests-frameworks.sh\"\n";
			showEnvVarsInLog = 0;
		};
		8A3A3154F8F727373F00F03C /* [CP] Check Pods Manifest.lock */ = {
			isa = PBXShellScriptBuildPhase;
			buildActionMask = 2147483647;
			files = (
			);
			inputPaths = (
				"${PODS_PODFILE_DIR_PATH}/Podfile.lock",
				"${PODS_ROOT}/Manifest.lock",
			);
			name = "[CP] Check Pods Manifest.lock";
			outputPaths = (
				"$(DERIVED_FILE_DIR)/Pods-Analytics-checkManifestLockResult.txt",
			);
			runOnlyForDeploymentPostprocessing = 0;
			shellPath = /bin/sh;
			shellScript = "diff \"${PODS_PODFILE_DIR_PATH}/Podfile.lock\" \"${PODS_ROOT}/Manifest.lock\" > /dev/null\nif [ $? != 0 ] ; then\n    # print error to STDERR\n    echo \"error: The sandbox is not in sync with the Podfile.lock. Run 'pod install' or update your CocoaPods installation.\" >&2\n    exit 1\nfi\n# This output is used by Xcode 'outputs' to avoid re-running this script phase.\necho \"SUCCESS\" > \"${SCRIPT_OUTPUT_FILE_0}\"\n";
			showEnvVarsInLog = 0;
		};
		B5BA2C41F9D2B1D7E774FADE /* [CP] Embed Pods Frameworks */ = {
			isa = PBXShellScriptBuildPhase;
			buildActionMask = 2147483647;
			files = (
			);
			inputPaths = (
				"${SRCROOT}/Pods/Target Support Files/Pods-Analytics/Pods-Analytics-frameworks.sh",
				"${BUILT_PRODUCTS_DIR}/Swinject/Swinject.framework",
				"${BUILT_PRODUCTS_DIR}/SwinjectStoryboard/SwinjectStoryboard.framework",
			);
			name = "[CP] Embed Pods Frameworks";
			outputPaths = (
				"${TARGET_BUILD_DIR}/${FRAMEWORKS_FOLDER_PATH}/Swinject.framework",
				"${TARGET_BUILD_DIR}/${FRAMEWORKS_FOLDER_PATH}/SwinjectStoryboard.framework",
			);
			runOnlyForDeploymentPostprocessing = 0;
			shellPath = /bin/sh;
			shellScript = "\"${SRCROOT}/Pods/Target Support Files/Pods-Analytics/Pods-Analytics-frameworks.sh\"\n";
			showEnvVarsInLog = 0;
		};
		BAA0E13502CD440BB68178AB /* [CP] Check Pods Manifest.lock */ = {
			isa = PBXShellScriptBuildPhase;
			buildActionMask = 2147483647;
			files = (
			);
			inputPaths = (
				"${PODS_PODFILE_DIR_PATH}/Podfile.lock",
				"${PODS_ROOT}/Manifest.lock",
			);
			name = "[CP] Check Pods Manifest.lock";
			outputPaths = (
				"$(DERIVED_FILE_DIR)/Pods-AnalyticsTests-checkManifestLockResult.txt",
			);
			runOnlyForDeploymentPostprocessing = 0;
			shellPath = /bin/sh;
			shellScript = "diff \"${PODS_PODFILE_DIR_PATH}/Podfile.lock\" \"${PODS_ROOT}/Manifest.lock\" > /dev/null\nif [ $? != 0 ] ; then\n    # print error to STDERR\n    echo \"error: The sandbox is not in sync with the Podfile.lock. Run 'pod install' or update your CocoaPods installation.\" >&2\n    exit 1\nfi\n# This output is used by Xcode 'outputs' to avoid re-running this script phase.\necho \"SUCCESS\" > \"${SCRIPT_OUTPUT_FILE_0}\"\n";
			showEnvVarsInLog = 0;
		};
/* End PBXShellScriptBuildPhase section */

/* Begin PBXSourcesBuildPhase section */
		07005D1F20D2D08E00750365 /* Sources */ = {
			isa = PBXSourcesBuildPhase;
			buildActionMask = 2147483647;
			files = (
				07005D2920D2D08E00750365 /* ViewController.swift in Sources */,
				070932C620D2D74300C90630 /* FirebaseAnalyticsListener.swift in Sources */,
				07005D2720D2D08E00750365 /* AppDelegate.swift in Sources */,
				070932D020D2DF1300C90630 /* TechMetricAnalyticsEvent.swift in Sources */,
				070932D320D2E25F00C90630 /* Assembly.swift in Sources */,
				070932CC20D2D81200C90630 /* Types.swift in Sources */,
				070932CE20D2DD1200C90630 /* NewRelicAnalyticsListener.swift in Sources */,
				070932C920D2D7BA00C90630 /* ShoppingBagAnalyticsEvent.swift in Sources */,
				070932C420D2D32F00C90630 /* AnalyticsService.swift in Sources */,
			);
			runOnlyForDeploymentPostprocessing = 0;
		};
		07005D3320D2D09500750365 /* Sources */ = {
			isa = PBXSourcesBuildPhase;
			buildActionMask = 2147483647;
			files = (
				075AC6F020D2F30F000E62A7 /* ViewControllerSpec.swift in Sources */,
				075AC6F220D2F48B000E62A7 /* FakeAnalyticsService.swift in Sources */,
				075AC6EB20D2EFA3000E62A7 /* AnalyticsServiceSpec.swift in Sources */,
				075AC6EE20D2F2D7000E62A7 /* FakeAnalyticsListener.swift in Sources */,
				075AC6F420D2F4BA000E62A7 /* FakeAnalyticsPublisher.swift in Sources */,
			);
			runOnlyForDeploymentPostprocessing = 0;
		};
/* End PBXSourcesBuildPhase section */

/* Begin PBXTargetDependency section */
		07005D3920D2D09500750365 /* PBXTargetDependency */ = {
			isa = PBXTargetDependency;
			target = 07005D2220D2D08E00750365 /* Analytics */;
			targetProxy = 07005D3820D2D09500750365 /* PBXContainerItemProxy */;
		};
/* End PBXTargetDependency section */

/* Begin PBXVariantGroup section */
		07005D2A20D2D08E00750365 /* Main.storyboard */ = {
			isa = PBXVariantGroup;
			children = (
				07005D2B20D2D08E00750365 /* Base */,
			);
			name = Main.storyboard;
			sourceTree = "<group>";
		};
		07005D2F20D2D09500750365 /* LaunchScreen.storyboard */ = {
			isa = PBXVariantGroup;
			children = (
				07005D3020D2D09500750365 /* Base */,
			);
			name = LaunchScreen.storyboard;
			sourceTree = "<group>";
		};
/* End PBXVariantGroup section */

/* Begin XCBuildConfiguration section */
		07005D3E20D2D09500750365 /* Debug */ = {
			isa = XCBuildConfiguration;
			buildSettings = {
				ALWAYS_SEARCH_USER_PATHS = NO;
				CLANG_ANALYZER_NONNULL = YES;
				CLANG_ANALYZER_NUMBER_OBJECT_CONVERSION = YES_AGGRESSIVE;
				CLANG_CXX_LANGUAGE_STANDARD = "gnu++14";
				CLANG_CXX_LIBRARY = "libc++";
				CLANG_ENABLE_MODULES = YES;
				CLANG_ENABLE_OBJC_ARC = YES;
				CLANG_ENABLE_OBJC_WEAK = YES;
				CLANG_WARN_BLOCK_CAPTURE_AUTORELEASING = YES;
				CLANG_WARN_BOOL_CONVERSION = YES;
				CLANG_WARN_COMMA = YES;
				CLANG_WARN_CONSTANT_CONVERSION = YES;
				CLANG_WARN_DEPRECATED_OBJC_IMPLEMENTATIONS = YES;
				CLANG_WARN_DIRECT_OBJC_ISA_USAGE = YES_ERROR;
				CLANG_WARN_DOCUMENTATION_COMMENTS = YES;
				CLANG_WARN_EMPTY_BODY = YES;
				CLANG_WARN_ENUM_CONVERSION = YES;
				CLANG_WARN_INFINITE_RECURSION = YES;
				CLANG_WARN_INT_CONVERSION = YES;
				CLANG_WARN_NON_LITERAL_NULL_CONVERSION = YES;
				CLANG_WARN_OBJC_IMPLICIT_RETAIN_SELF = YES;
				CLANG_WARN_OBJC_LITERAL_CONVERSION = YES;
				CLANG_WARN_OBJC_ROOT_CLASS = YES_ERROR;
				CLANG_WARN_RANGE_LOOP_ANALYSIS = YES;
				CLANG_WARN_STRICT_PROTOTYPES = YES;
				CLANG_WARN_SUSPICIOUS_MOVE = YES;
				CLANG_WARN_UNGUARDED_AVAILABILITY = YES_AGGRESSIVE;
				CLANG_WARN_UNREACHABLE_CODE = YES;
				CLANG_WARN__DUPLICATE_METHOD_MATCH = YES;
				CODE_SIGN_IDENTITY = "iPhone Developer";
				COPY_PHASE_STRIP = NO;
				DEBUG_INFORMATION_FORMAT = dwarf;
				ENABLE_STRICT_OBJC_MSGSEND = YES;
				ENABLE_TESTABILITY = YES;
				GCC_C_LANGUAGE_STANDARD = gnu11;
				GCC_DYNAMIC_NO_PIC = NO;
				GCC_NO_COMMON_BLOCKS = YES;
				GCC_OPTIMIZATION_LEVEL = 0;
				GCC_PREPROCESSOR_DEFINITIONS = (
					"DEBUG=1",
					"$(inherited)",
				);
				GCC_WARN_64_TO_32_BIT_CONVERSION = YES;
				GCC_WARN_ABOUT_RETURN_TYPE = YES_ERROR;
				GCC_WARN_UNDECLARED_SELECTOR = YES;
				GCC_WARN_UNINITIALIZED_AUTOS = YES_AGGRESSIVE;
				GCC_WARN_UNUSED_FUNCTION = YES;
				GCC_WARN_UNUSED_VARIABLE = YES;
				IPHONEOS_DEPLOYMENT_TARGET = 11.4;
				MTL_ENABLE_DEBUG_INFO = YES;
				ONLY_ACTIVE_ARCH = YES;
				SDKROOT = iphoneos;
				SWIFT_ACTIVE_COMPILATION_CONDITIONS = DEBUG;
				SWIFT_OPTIMIZATION_LEVEL = "-Onone";
			};
			name = Debug;
		};
		07005D3F20D2D09500750365 /* Release */ = {
			isa = XCBuildConfiguration;
			buildSettings = {
				ALWAYS_SEARCH_USER_PATHS = NO;
				CLANG_ANALYZER_NONNULL = YES;
				CLANG_ANALYZER_NUMBER_OBJECT_CONVERSION = YES_AGGRESSIVE;
				CLANG_CXX_LANGUAGE_STANDARD = "gnu++14";
				CLANG_CXX_LIBRARY = "libc++";
				CLANG_ENABLE_MODULES = YES;
				CLANG_ENABLE_OBJC_ARC = YES;
				CLANG_ENABLE_OBJC_WEAK = YES;
				CLANG_WARN_BLOCK_CAPTURE_AUTORELEASING = YES;
				CLANG_WARN_BOOL_CONVERSION = YES;
				CLANG_WARN_COMMA = YES;
				CLANG_WARN_CONSTANT_CONVERSION = YES;
				CLANG_WARN_DEPRECATED_OBJC_IMPLEMENTATIONS = YES;
				CLANG_WARN_DIRECT_OBJC_ISA_USAGE = YES_ERROR;
				CLANG_WARN_DOCUMENTATION_COMMENTS = YES;
				CLANG_WARN_EMPTY_BODY = YES;
				CLANG_WARN_ENUM_CONVERSION = YES;
				CLANG_WARN_INFINITE_RECURSION = YES;
				CLANG_WARN_INT_CONVERSION = YES;
				CLANG_WARN_NON_LITERAL_NULL_CONVERSION = YES;
				CLANG_WARN_OBJC_IMPLICIT_RETAIN_SELF = YES;
				CLANG_WARN_OBJC_LITERAL_CONVERSION = YES;
				CLANG_WARN_OBJC_ROOT_CLASS = YES_ERROR;
				CLANG_WARN_RANGE_LOOP_ANALYSIS = YES;
				CLANG_WARN_STRICT_PROTOTYPES = YES;
				CLANG_WARN_SUSPICIOUS_MOVE = YES;
				CLANG_WARN_UNGUARDED_AVAILABILITY = YES_AGGRESSIVE;
				CLANG_WARN_UNREACHABLE_CODE = YES;
				CLANG_WARN__DUPLICATE_METHOD_MATCH = YES;
				CODE_SIGN_IDENTITY = "iPhone Developer";
				COPY_PHASE_STRIP = NO;
				DEBUG_INFORMATION_FORMAT = "dwarf-with-dsym";
				ENABLE_NS_ASSERTIONS = NO;
				ENABLE_STRICT_OBJC_MSGSEND = YES;
				GCC_C_LANGUAGE_STANDARD = gnu11;
				GCC_NO_COMMON_BLOCKS = YES;
				GCC_WARN_64_TO_32_BIT_CONVERSION = YES;
				GCC_WARN_ABOUT_RETURN_TYPE = YES_ERROR;
				GCC_WARN_UNDECLARED_SELECTOR = YES;
				GCC_WARN_UNINITIALIZED_AUTOS = YES_AGGRESSIVE;
				GCC_WARN_UNUSED_FUNCTION = YES;
				GCC_WARN_UNUSED_VARIABLE = YES;
				IPHONEOS_DEPLOYMENT_TARGET = 11.4;
				MTL_ENABLE_DEBUG_INFO = NO;
				SDKROOT = iphoneos;
				SWIFT_COMPILATION_MODE = wholemodule;
				SWIFT_OPTIMIZATION_LEVEL = "-O";
				VALIDATE_PRODUCT = YES;
			};
			name = Release;
		};
		07005D4120D2D09500750365 /* Debug */ = {
			isa = XCBuildConfiguration;
			baseConfigurationReference = 84148BEAEB8F631CAA7A615C /* Pods-Analytics.debug.xcconfig */;
			buildSettings = {
				ASSETCATALOG_COMPILER_APPICON_NAME = AppIcon;
				CODE_SIGN_STYLE = Automatic;
				DEVELOPMENT_TEAM = DSZ2DNDVRK;
				INFOPLIST_FILE = Analytics/Info.plist;
				LD_RUNPATH_SEARCH_PATHS = (
					"$(inherited)",
					"@executable_path/Frameworks",
				);
				PRODUCT_BUNDLE_IDENTIFIER = com.upstartillustration.Analytics;
				PRODUCT_NAME = "$(TARGET_NAME)";
				SWIFT_VERSION = 4.0;
				TARGETED_DEVICE_FAMILY = "1,2";
			};
			name = Debug;
		};
		07005D4220D2D09500750365 /* Release */ = {
			isa = XCBuildConfiguration;
			baseConfigurationReference = CCDA566335EFDF1977D17CE8 /* Pods-Analytics.release.xcconfig */;
			buildSettings = {
				ASSETCATALOG_COMPILER_APPICON_NAME = AppIcon;
				CODE_SIGN_STYLE = Automatic;
				DEVELOPMENT_TEAM = DSZ2DNDVRK;
				INFOPLIST_FILE = Analytics/Info.plist;
				LD_RUNPATH_SEARCH_PATHS = (
					"$(inherited)",
					"@executable_path/Frameworks",
				);
				PRODUCT_BUNDLE_IDENTIFIER = com.upstartillustration.Analytics;
				PRODUCT_NAME = "$(TARGET_NAME)";
				SWIFT_VERSION = 4.0;
				TARGETED_DEVICE_FAMILY = "1,2";
			};
			name = Release;
		};
		07005D4420D2D09500750365 /* Debug */ = {
			isa = XCBuildConfiguration;
			baseConfigurationReference = 3C03225EA766A8120F0613E0 /* Pods-AnalyticsTests.debug.xcconfig */;
			buildSettings = {
				BUNDLE_LOADER = "$(TEST_HOST)";
				CODE_SIGN_STYLE = Automatic;
				DEVELOPMENT_TEAM = DSZ2DNDVRK;
				INFOPLIST_FILE = AnalyticsTests/Info.plist;
				LD_RUNPATH_SEARCH_PATHS = (
					"$(inherited)",
					"@executable_path/Frameworks",
					"@loader_path/Frameworks",
				);
				PRODUCT_BUNDLE_IDENTIFIER = com.upstartillustration.AnalyticsTests;
				PRODUCT_NAME = "$(TARGET_NAME)";
				SWIFT_VERSION = 4.0;
				TARGETED_DEVICE_FAMILY = "1,2";
				TEST_HOST = "$(BUILT_PRODUCTS_DIR)/Analytics.app/Analytics";
			};
			name = Debug;
		};
		07005D4520D2D09500750365 /* Release */ = {
			isa = XCBuildConfiguration;
			baseConfigurationReference = 1EFBFFD8A7770D2B5F414723 /* Pods-AnalyticsTests.release.xcconfig */;
			buildSettings = {
				BUNDLE_LOADER = "$(TEST_HOST)";
				CODE_SIGN_STYLE = Automatic;
				DEVELOPMENT_TEAM = DSZ2DNDVRK;
				INFOPLIST_FILE = AnalyticsTests/Info.plist;
				LD_RUNPATH_SEARCH_PATHS = (
					"$(inherited)",
					"@executable_path/Frameworks",
					"@loader_path/Frameworks",
				);
				PRODUCT_BUNDLE_IDENTIFIER = com.upstartillustration.AnalyticsTests;
				PRODUCT_NAME = "$(TARGET_NAME)";
				SWIFT_VERSION = 4.0;
				TARGETED_DEVICE_FAMILY = "1,2";
				TEST_HOST = "$(BUILT_PRODUCTS_DIR)/Analytics.app/Analytics";
			};
			name = Release;
		};
/* End XCBuildConfiguration section */

/* Begin XCConfigurationList section */
		07005D1E20D2D08E00750365 /* Build configuration list for PBXProject "Analytics" */ = {
			isa = XCConfigurationList;
			buildConfigurations = (
				07005D3E20D2D09500750365 /* Debug */,
				07005D3F20D2D09500750365 /* Release */,
			);
			defaultConfigurationIsVisible = 0;
			defaultConfigurationName = Release;
		};
		07005D4020D2D09500750365 /* Build configuration list for PBXNativeTarget "Analytics" */ = {
			isa = XCConfigurationList;
			buildConfigurations = (
				07005D4120D2D09500750365 /* Debug */,
				07005D4220D2D09500750365 /* Release */,
			);
			defaultConfigurationIsVisible = 0;
			defaultConfigurationName = Release;
		};
		07005D4320D2D09500750365 /* Build configuration list for PBXNativeTarget "AnalyticsTests" */ = {
			isa = XCConfigurationList;
			buildConfigurations = (
				07005D4420D2D09500750365 /* Debug */,
				07005D4520D2D09500750365 /* Release */,
			);
			defaultConfigurationIsVisible = 0;
			defaultConfigurationName = Release;
		};
/* End XCConfigurationList section */
	};
	rootObject = 07005D1B20D2D08E00750365 /* Project object */;
}
